
Microsoft Visual Studio Solution File, Format Version 12.00
# Visual Studio Version 16
VisualStudioVersion = 16.0.29728.190
MinimumVisualStudioVersion = 10.0.40219.1
Project("{FAE04EC0-301F-11D3-BF4B-00C04F79EFBC}") = "JBToolkit", "JBToolkit\JBToolkit.csproj", "{43AA263C-1DB9-490D-99EA-5AF526DF56AF}"
EndProject
Project("{2150E333-8FDC-42A3-9474-1A3956D46DE8}") = "README.md", "README.md", "{F315894B-F0F3-4731-920C-F8ED4EB6955E}"
	ProjectSection(SolutionItems) = preProject
		CODE_OF_CONDUCT.md = CODE_OF_CONDUCT.md
		CONTRIBUTING.md = CONTRIBUTING.md
		LICENSE = LICENSE
		README.md = README.md
	EndProjectSection
EndProject
Project("{2150E333-8FDC-42A3-9474-1A3956D46DE8}") = "Solution Items", "Solution Items", "{51230636-0A39-403B-954B-F43A63F6E6CB}"
	ProjectSection(SolutionItems) = preProject
		.editorconfig = .editorconfig
		.gitignore = .gitignore
	EndProjectSection
EndProject
Project("{FAE04EC0-301F-11D3-BF4B-00C04F79EFBC}") = "JBToolkit.Testing", "JBToolkit.Testing\JBToolkit.Testing.csproj", "{8984EAC4-5850-4456-8026-E0677A95480A}"
EndProject
Project("{2150E333-8FDC-42A3-9474-1A3956D46DE8}") = "Nuget", "Nuget", "{4C8FF082-5440-4F56-AA86-5FE3B29F30F1}"
	ProjectSection(SolutionItems) = preProject
		nuget-push.bat = nuget-push.bat
	EndProjectSection
EndProject
Global
	GlobalSection(SolutionConfigurationPlatforms) = preSolution
		Debug|Any CPU = Debug|Any CPU
		Release|Any CPU = Release|Any CPU
	EndGlobalSection
	GlobalSection(ProjectConfigurationPlatforms) = postSolution
		{43AA263C-1DB9-490D-99EA-5AF526DF56AF}.Debug|Any CPU.ActiveCfg = Debug|Any CPU
		{43AA263C-1DB9-490D-99EA-5AF526DF56AF}.Debug|Any CPU.Build.0 = Debug|Any CPU
		{43AA263C-1DB9-490D-99EA-5AF526DF56AF}.Release|Any CPU.ActiveCfg = Release|Any CPU
		{43AA263C-1DB9-490D-99EA-5AF526DF56AF}.Release|Any CPU.Build.0 = Release|Any CPU
		{8984EAC4-5850-4456-8026-E0677A95480A}.Debug|Any CPU.ActiveCfg = Debug|Any CPU
		{8984EAC4-5850-4456-8026-E0677A95480A}.Debug|Any CPU.Build.0 = Debug|Any CPU
		{8984EAC4-5850-4456-8026-E0677A95480A}.Release|Any CPU.ActiveCfg = Release|Any CPU
		{8984EAC4-5850-4456-8026-E0677A95480A}.Release|Any CPU.Build.0 = Release|Any CPU
	EndGlobalSection
	GlobalSection(SolutionProperties) = preSolution
		HideSolutionNode = FALSE
	EndGlobalSection
	GlobalSection(ExtensibilityGlobals) = postSolution
		BuildVersion_UseGlobalSettings = True
		BuildVersion_BuildVersioningStyle = None.None.Increment.TimeStamp
		BuildVersion_StartDate = 2000/1/1
		BuildVersion_UpdateFileVersion = False
		BuildVersion_UpdateAssemblyVersion = False
		SolutionGuid = {AC6CF4C7-99A0-4D92-85C8-02A532886FF3}
		BuildVersion_BuildAction = Build
	EndGlobalSection
EndGlobal
